// !$*UTF8*$!
{
	archiveVersion = 1;
	classes = {
	};
	objectVersion = 56;
	objects = {

/* Begin PBXBuildFile section */
		C85D62F52BF633050024928E /* LandmarksApp.swift in Sources */ = {isa = PBXBuildFile; fileRef = C85D62F42BF633050024928E /* LandmarksApp.swift */; };
		C85D62F72BF633050024928E /* ContentView.swift in Sources */ = {isa = PBXBuildFile; fileRef = C85D62F62BF633050024928E /* ContentView.swift */; };
		C85D62F92BF633060024928E /* Assets.xcassets in Resources */ = {isa = PBXBuildFile; fileRef = C85D62F82BF633060024928E /* Assets.xcassets */; };
		C85D62FC2BF633060024928E /* Preview Assets.xcassets in Resources */ = {isa = PBXBuildFile; fileRef = C85D62FB2BF633060024928E /* Preview Assets.xcassets */; };
		C85D63062BF633070024928E /* LandmarksTests.swift in Sources */ = {isa = PBXBuildFile; fileRef = C85D63052BF633070024928E /* LandmarksTests.swift */; };
		C85D63102BF633070024928E /* LandmarksUITests.swift in Sources */ = {isa = PBXBuildFile; fileRef = C85D630F2BF633070024928E /* LandmarksUITests.swift */; };
		C85D63122BF633070024928E /* LandmarksUITestsLaunchTests.swift in Sources */ = {isa = PBXBuildFile; fileRef = C85D63112BF633070024928E /* LandmarksUITestsLaunchTests.swift */; };
		C85D63212BF63C530024928E /* CircleImage.swift in Sources */ = {isa = PBXBuildFile; fileRef = C85D63202BF63C530024928E /* CircleImage.swift */; };
		C85D63232BF63DBC0024928E /* MapView.swift in Sources */ = {isa = PBXBuildFile; fileRef = C85D63222BF63DBC0024928E /* MapView.swift */; };
		C85D63252BF6455B0024928E /* landmarkDatax.json in Resources */ = {isa = PBXBuildFile; fileRef = C85D63242BF6455B0024928E /* landmarkDatax.json */; };
		C85D63272BF6456E0024928E /* Landmark.swift in Sources */ = {isa = PBXBuildFile; fileRef = C85D63262BF6456E0024928E /* Landmark.swift */; };
		C85D63292BF64F750024928E /* ModelData.swift in Sources */ = {isa = PBXBuildFile; fileRef = C85D63282BF64F750024928E /* ModelData.swift */; };
		C85D632C2BF658430024928E /* LandmarkRow.swift in Sources */ = {isa = PBXBuildFile; fileRef = C85D632B2BF658430024928E /* LandmarkRow.swift */; };
		C85D63302BF65F4A0024928E /* landmarkData.json in Resources */ = {isa = PBXBuildFile; fileRef = C85D632F2BF65F4A0024928E /* landmarkData.json */; };
		C85D63322BF6655D0024928E /* LandmarkList.swift in Sources */ = {isa = PBXBuildFile; fileRef = C85D63312BF6655D0024928E /* LandmarkList.swift */; };
		C85D63342BF669270024928E /* LandmarkDetail.swift in Sources */ = {isa = PBXBuildFile; fileRef = C85D63332BF669270024928E /* LandmarkDetail.swift */; };
/* End PBXBuildFile section */

/* Begin PBXContainerItemProxy section */
		C85D63022BF633070024928E /* PBXContainerItemProxy */ = {
			isa = PBXContainerItemProxy;
			containerPortal = C85D62E92BF633050024928E /* Project object */;
			proxyType = 1;
			remoteGlobalIDString = C85D62F02BF633050024928E;
			remoteInfo = Landmarks;
		};
		C85D630C2BF633070024928E /* PBXContainerItemProxy */ = {
			isa = PBXContainerItemProxy;
			containerPortal = C85D62E92BF633050024928E /* Project object */;
			proxyType = 1;
			remoteGlobalIDString = C85D62F02BF633050024928E;
			remoteInfo = Landmarks;
		};
/* End PBXContainerItemProxy section */

/* Begin PBXFileReference section */
		C85D62F12BF633050024928E /* Landmarks.app */ = {isa = PBXFileReference; explicitFileType = wrapper.application; includeInIndex = 0; path = Landmarks.app; sourceTree = BUILT_PRODUCTS_DIR; };
		C85D62F42BF633050024928E /* LandmarksApp.swift */ = {isa = PBXFileReference; lastKnownFileType = sourcecode.swift; path = LandmarksApp.swift; sourceTree = "<group>"; };
		C85D62F62BF633050024928E /* ContentView.swift */ = {isa = PBXFileReference; lastKnownFileType = sourcecode.swift; path = ContentView.swift; sourceTree = "<group>"; };
		C85D62F82BF633060024928E /* Assets.xcassets */ = {isa = PBXFileReference; lastKnownFileType = folder.assetcatalog; path = Assets.xcassets; sourceTree = "<group>"; };
		C85D62FB2BF633060024928E /* Preview Assets.xcassets */ = {isa = PBXFileReference; lastKnownFileType = folder.assetcatalog; path = "Preview Assets.xcassets"; sourceTree = "<group>"; };
		C85D63012BF633070024928E /* LandmarksTests.xctest */ = {isa = PBXFileReference; explicitFileType = wrapper.cfbundle; includeInIndex = 0; path = LandmarksTests.xctest; sourceTree = BUILT_PRODUCTS_DIR; };
		C85D63052BF633070024928E /* LandmarksTests.swift */ = {isa = PBXFileReference; lastKnownFileType = sourcecode.swift; path = LandmarksTests.swift; sourceTree = "<group>"; };
		C85D630B2BF633070024928E /* LandmarksUITests.xctest */ = {isa = PBXFileReference; explicitFileType = wrapper.cfbundle; includeInIndex = 0; path = LandmarksUITests.xctest; sourceTree = BUILT_PRODUCTS_DIR; };
		C85D630F2BF633070024928E /* LandmarksUITests.swift */ = {isa = PBXFileReference; lastKnownFileType = sourcecode.swift; path = LandmarksUITests.swift; sourceTree = "<group>"; };
		C85D63112BF633070024928E /* LandmarksUITestsLaunchTests.swift */ = {isa = PBXFileReference; lastKnownFileType = sourcecode.swift; path = LandmarksUITestsLaunchTests.swift; sourceTree = "<group>"; };
		C85D63202BF63C530024928E /* CircleImage.swift */ = {isa = PBXFileReference; lastKnownFileType = sourcecode.swift; path = CircleImage.swift; sourceTree = "<group>"; };
		C85D63222BF63DBC0024928E /* MapView.swift */ = {isa = PBXFileReference; lastKnownFileType = sourcecode.swift; path = MapView.swift; sourceTree = "<group>"; };
		C85D63242BF6455B0024928E /* landmarkDatax.json */ = {isa = PBXFileReference; fileEncoding = 4; lastKnownFileType = text.json; path = landmarkDatax.json; sourceTree = "<group>"; };
		C85D63262BF6456E0024928E /* Landmark.swift */ = {isa = PBXFileReference; lastKnownFileType = sourcecode.swift; path = Landmark.swift; sourceTree = "<group>"; };
		C85D63282BF64F750024928E /* ModelData.swift */ = {isa = PBXFileReference; lastKnownFileType = sourcecode.swift; path = ModelData.swift; sourceTree = "<group>"; };
		C85D632B2BF658430024928E /* LandmarkRow.swift */ = {isa = PBXFileReference; lastKnownFileType = sourcecode.swift; path = LandmarkRow.swift; sourceTree = "<group>"; };
		C85D632F2BF65F4A0024928E /* landmarkData.json */ = {isa = PBXFileReference; fileEncoding = 4; lastKnownFileType = text.json; path = landmarkData.json; sourceTree = "<group>"; };
		C85D63312BF6655D0024928E /* LandmarkList.swift */ = {isa = PBXFileReference; lastKnownFileType = sourcecode.swift; path = LandmarkList.swift; sourceTree = "<group>"; };
		C85D63332BF669270024928E /* LandmarkDetail.swift */ = {isa = PBXFileReference; lastKnownFileType = sourcecode.swift; path = LandmarkDetail.swift; sourceTree = "<group>"; };
/* End PBXFileReference section */

/* Begin PBXFrameworksBuildPhase section */
		C85D62EE2BF633050024928E /* Frameworks */ = {
			isa = PBXFrameworksBuildPhase;
			buildActionMask = 2147483647;
			files = (
			);
			runOnlyForDeploymentPostprocessing = 0;
		};
		C85D62FE2BF633070024928E /* Frameworks */ = {
			isa = PBXFrameworksBuildPhase;
			buildActionMask = 2147483647;
			files = (
			);
			runOnlyForDeploymentPostprocessing = 0;
		};
		C85D63082BF633070024928E /* Frameworks */ = {
			isa = PBXFrameworksBuildPhase;
			buildActionMask = 2147483647;
			files = (
			);
			runOnlyForDeploymentPostprocessing = 0;
		};
/* End PBXFrameworksBuildPhase section */

/* Begin PBXGroup section */
		C85D62E82BF633050024928E = {
			isa = PBXGroup;
			children = (
				C85D62F32BF633050024928E /* Landmarks */,
				C85D63042BF633070024928E /* LandmarksTests */,
				C85D630E2BF633070024928E /* LandmarksUITests */,
				C85D62F22BF633050024928E /* Products */,
			);
			sourceTree = "<group>";
		};
		C85D62F22BF633050024928E /* Products */ = {
			isa = PBXGroup;
			children = (
				C85D62F12BF633050024928E /* Landmarks.app */,
				C85D63012BF633070024928E /* LandmarksTests.xctest */,
				C85D630B2BF633070024928E /* LandmarksUITests.xctest */,
			);
			name = Products;
			sourceTree = "<group>";
		};
		C85D62F32BF633050024928E /* Landmarks */ = {
			isa = PBXGroup;
			children = (
				C85D632A2BF650B20024928E /* Views */,
				C85D632D2BF65DC30024928E /* Models */,
				C85D632E2BF65DD50024928E /* Resources */,
				C85D62F42BF633050024928E /* LandmarksApp.swift */,
				C85D62F82BF633060024928E /* Assets.xcassets */,
				C85D62FA2BF633060024928E /* Preview Content */,
			);
			path = Landmarks;
			sourceTree = "<group>";
		};
		C85D62FA2BF633060024928E /* Preview Content */ = {
			isa = PBXGroup;
			children = (
				C85D62FB2BF633060024928E /* Preview Assets.xcassets */,
			);
			path = "Preview Content";
			sourceTree = "<group>";
		};
		C85D63042BF633070024928E /* LandmarksTests */ = {
			isa = PBXGroup;
			children = (
				C85D63052BF633070024928E /* LandmarksTests.swift */,
			);
			path = LandmarksTests;
			sourceTree = "<group>";
		};
		C85D630E2BF633070024928E /* LandmarksUITests */ = {
			isa = PBXGroup;
			children = (
				C85D630F2BF633070024928E /* LandmarksUITests.swift */,
				C85D63112BF633070024928E /* LandmarksUITestsLaunchTests.swift */,
			);
			path = LandmarksUITests;
			sourceTree = "<group>";
		};
		C85D632A2BF650B20024928E /* Views */ = {
			isa = PBXGroup;
			children = (
				C85D62F62BF633050024928E /* ContentView.swift */,
				C85D63202BF63C530024928E /* CircleImage.swift */,
				C85D63222BF63DBC0024928E /* MapView.swift */,
				C85D632B2BF658430024928E /* LandmarkRow.swift */,
				C85D63312BF6655D0024928E /* LandmarkList.swift */,
				C85D63332BF669270024928E /* LandmarkDetail.swift */,
			);
			path = Views;
			sourceTree = "<group>";
		};
		C85D632D2BF65DC30024928E /* Models */ = {
			isa = PBXGroup;
			children = (
				C85D63262BF6456E0024928E /* Landmark.swift */,
				C85D63282BF64F750024928E /* ModelData.swift */,
			);
			path = Models;
			sourceTree = "<group>";
		};
		C85D632E2BF65DD50024928E /* Resources */ = {
			isa = PBXGroup;
			children = (
				C85D632F2BF65F4A0024928E /* landmarkData.json */,
				C85D63242BF6455B0024928E /* landmarkDatax.json */,
			);
			path = Resources;
			sourceTree = "<group>";
		};
/* End PBXGroup section */

/* Begin PBXNativeTarget section */
		C85D62F02BF633050024928E /* Landmarks */ = {
			isa = PBXNativeTarget;
			buildConfigurationList = C85D63152BF633070024928E /* Build configuration list for PBXNativeTarget "Landmarks" */;
			buildPhases = (
				C85D62ED2BF633050024928E /* Sources */,
				C85D62EE2BF633050024928E /* Frameworks */,
				C85D62EF2BF633050024928E /* Resources */,
			);
			buildRules = (
			);
			dependencies = (
			);
			name = Landmarks;
			productName = Landmarks;
			productReference = C85D62F12BF633050024928E /* Landmarks.app */;
			productType = "com.apple.product-type.application";
		};
		C85D63002BF633070024928E /* LandmarksTests */ = {
			isa = PBXNativeTarget;
			buildConfigurationList = C85D63182BF633070024928E /* Build configuration list for PBXNativeTarget "LandmarksTests" */;
			buildPhases = (
				C85D62FD2BF633070024928E /* Sources */,
				C85D62FE2BF633070024928E /* Frameworks */,
				C85D62FF2BF633070024928E /* Resources */,
			);
			buildRules = (
			);
			dependencies = (
				C85D63032BF633070024928E /* PBXTargetDependency */,
			);
			name = LandmarksTests;
			productName = LandmarksTests;
			productReference = C85D63012BF633070024928E /* LandmarksTests.xctest */;
			productType = "com.apple.product-type.bundle.unit-test";
		};
		C85D630A2BF633070024928E /* LandmarksUITests */ = {
			isa = PBXNativeTarget;
			buildConfigurationList = C85D631B2BF633070024928E /* Build configuration list for PBXNativeTarget "LandmarksUITests" */;
			buildPhases = (
				C85D63072BF633070024928E /* Sources */,
				C85D63082BF633070024928E /* Frameworks */,
				C85D63092BF633070024928E /* Resources */,
			);
			buildRules = (
			);
			dependencies = (
				C85D630D2BF633070024928E /* PBXTargetDependency */,
			);
			name = LandmarksUITests;
			productName = LandmarksUITests;
			productReference = C85D630B2BF633070024928E /* LandmarksUITests.xctest */;
			productType = "com.apple.product-type.bundle.ui-testing";
		};
/* End PBXNativeTarget section */

/* Begin PBXProject section */
		C85D62E92BF633050024928E /* Project object */ = {
			isa = PBXProject;
			attributes = {
				BuildIndependentTargetsInParallel = 1;
				LastSwiftUpdateCheck = 1530;
				LastUpgradeCheck = 1530;
				TargetAttributes = {
					C85D62F02BF633050024928E = {
						CreatedOnToolsVersion = 15.3;
					};
					C85D63002BF633070024928E = {
						CreatedOnToolsVersion = 15.3;
						TestTargetID = C85D62F02BF633050024928E;
					};
					C85D630A2BF633070024928E = {
						CreatedOnToolsVersion = 15.3;
						TestTargetID = C85D62F02BF633050024928E;
					};
				};
			};
			buildConfigurationList = C85D62EC2BF633050024928E /* Build configuration list for PBXProject "Landmarks" */;
			compatibilityVersion = "Xcode 14.0";
			developmentRegion = en;
			hasScannedForEncodings = 0;
			knownRegions = (
				en,
				Base,
			);
			mainGroup = C85D62E82BF633050024928E;
			productRefGroup = C85D62F22BF633050024928E /* Products */;
			projectDirPath = "";
			projectRoot = "";
			targets = (
				C85D62F02BF633050024928E /* Landmarks */,
				C85D63002BF633070024928E /* LandmarksTests */,
				C85D630A2BF633070024928E /* LandmarksUITests */,
			);
		};
/* End PBXProject section */

/* Begin PBXResourcesBuildPhase section */
		C85D62EF2BF633050024928E /* Resources */ = {
			isa = PBXResourcesBuildPhase;
			buildActionMask = 2147483647;
			files = (
				C85D62FC2BF633060024928E /* Preview Assets.xcassets in Resources */,
				C85D63302BF65F4A0024928E /* landmarkData.json in Resources */,
				C85D62F92BF633060024928E /* Assets.xcassets in Resources */,
				C85D63252BF6455B0024928E /* landmarkDatax.json in Resources */,
			);
			runOnlyForDeploymentPostprocessing = 0;
		};
		C85D62FF2BF633070024928E /* Resources */ = {
			isa = PBXResourcesBuildPhase;
			buildActionMask = 2147483647;
			files = (
			);
			runOnlyForDeploymentPostprocessing = 0;
		};
		C85D63092BF633070024928E /* Resources */ = {
			isa = PBXResourcesBuildPhase;
			buildActionMask = 2147483647;
			files = (
			);
			runOnlyForDeploymentPostprocessing = 0;
		};
/* End PBXResourcesBuildPhase section */

/* Begin PBXSourcesBuildPhase section */
		C85D62ED2BF633050024928E /* Sources */ = {
			isa = PBXSourcesBuildPhase;
			buildActionMask = 2147483647;
			files = (
				C85D62F72BF633050024928E /* ContentView.swift in Sources */,
				C85D63232BF63DBC0024928E /* MapView.swift in Sources */,
				C85D62F52BF633050024928E /* LandmarksApp.swift in Sources */,
				C85D63322BF6655D0024928E /* LandmarkList.swift in Sources */,
				C85D63342BF669270024928E /* LandmarkDetail.swift in Sources */,
				C85D63212BF63C530024928E /* CircleImage.swift in Sources */,
				C85D63272BF6456E0024928E /* Landmark.swift in Sources */,
				C85D632C2BF658430024928E /* LandmarkRow.swift in Sources */,
				C85D63292BF64F750024928E /* ModelData.swift in Sources */,
			);
			runOnlyForDeploymentPostprocessing = 0;
		};
		C85D62FD2BF633070024928E /* Sources */ = {
			isa = PBXSourcesBuildPhase;
			buildActionMask = 2147483647;
			files = (
				C85D63062BF633070024928E /* LandmarksTests.swift in Sources */,
			);
			runOnlyForDeploymentPostprocessing = 0;
		};
		C85D63072BF633070024928E /* Sources */ = {
			isa = PBXSourcesBuildPhase;
			buildActionMask = 2147483647;
			files = (
				C85D63122BF633070024928E /* LandmarksUITestsLaunchTests.swift in Sources */,
				C85D63102BF633070024928E /* LandmarksUITests.swift in Sources */,
			);
			runOnlyForDeploymentPostprocessing = 0;
		};
/* End PBXSourcesBuildPhase section */

/* Begin PBXTargetDependency section */
		C85D63032BF633070024928E /* PBXTargetDependency */ = {
			isa = PBXTargetDependency;
			target = C85D62F02BF633050024928E /* Landmarks */;
			targetProxy = C85D63022BF633070024928E /* PBXContainerItemProxy */;
		};
		C85D630D2BF633070024928E /* PBXTargetDependency */ = {
			isa = PBXTargetDependency;
			target = C85D62F02BF633050024928E /* Landmarks */;
			targetProxy = C85D630C2BF633070024928E /* PBXContainerItemProxy */;
		};
/* End PBXTargetDependency section */

/* Begin XCBuildConfiguration section */
		C85D63132BF633070024928E /* Debug */ = {
			isa = XCBuildConfiguration;
			buildSettings = {
				ALWAYS_SEARCH_USER_PATHS = NO;
				ASSETCATALOG_COMPILER_GENERATE_SWIFT_ASSET_SYMBOL_EXTENSIONS = YES;
				CLANG_ANALYZER_NONNULL = YES;
				CLANG_ANALYZER_NUMBER_OBJECT_CONVERSION = YES_AGGRESSIVE;
				CLANG_CXX_LANGUAGE_STANDARD = "gnu++20";
				CLANG_ENABLE_MODULES = YES;
				CLANG_ENABLE_OBJC_ARC = YES;
				CLANG_ENABLE_OBJC_WEAK = YES;
				CLANG_WARN_BLOCK_CAPTURE_AUTORELEASING = YES;
				CLANG_WARN_BOOL_CONVERSION = YES;
				CLANG_WARN_COMMA = YES;
				CLANG_WARN_CONSTANT_CONVERSION = YES;
				CLANG_WARN_DEPRECATED_OBJC_IMPLEMENTATIONS = YES;
				CLANG_WARN_DIRECT_OBJC_ISA_USAGE = YES_ERROR;
				CLANG_WARN_DOCUMENTATION_COMMENTS = YES;
				CLANG_WARN_EMPTY_BODY = YES;
				CLANG_WARN_ENUM_CONVERSION = YES;
				CLANG_WARN_INFINITE_RECURSION = YES;
				CLANG_WARN_INT_CONVERSION = YES;
				CLANG_WARN_NON_LITERAL_NULL_CONVERSION = YES;
				CLANG_WARN_OBJC_IMPLICIT_RETAIN_SELF = YES;
				CLANG_WARN_OBJC_LITERAL_CONVERSION = YES;
				CLANG_WARN_OBJC_ROOT_CLASS = YES_ERROR;
				CLANG_WARN_QUOTED_INCLUDE_IN_FRAMEWORK_HEADER = YES;
				CLANG_WARN_RANGE_LOOP_ANALYSIS = YES;
				CLANG_WARN_STRICT_PROTOTYPES = YES;
				CLANG_WARN_SUSPICIOUS_MOVE = YES;
				CLANG_WARN_UNGUARDED_AVAILABILITY = YES_AGGRESSIVE;
				CLANG_WARN_UNREACHABLE_CODE = YES;
				CLANG_WARN__DUPLICATE_METHOD_MATCH = YES;
				COPY_PHASE_STRIP = NO;
				DEBUG_INFORMATION_FORMAT = dwarf;
				ENABLE_STRICT_OBJC_MSGSEND = YES;
				ENABLE_TESTABILITY = YES;
				ENABLE_USER_SCRIPT_SANDBOXING = YES;
				GCC_C_LANGUAGE_STANDARD = gnu17;
				GCC_DYNAMIC_NO_PIC = NO;
				GCC_NO_COMMON_BLOCKS = YES;
				GCC_OPTIMIZATION_LEVEL = 0;
				GCC_PREPROCESSOR_DEFINITIONS = (
					"DEBUG=1",
					"$(inherited)",
				);
				GCC_WARN_64_TO_32_BIT_CONVERSION = YES;
				GCC_WARN_ABOUT_RETURN_TYPE = YES_ERROR;
				GCC_WARN_UNDECLARED_SELECTOR = YES;
				GCC_WARN_UNINITIALIZED_AUTOS = YES_AGGRESSIVE;
				GCC_WARN_UNUSED_FUNCTION = YES;
				GCC_WARN_UNUSED_VARIABLE = YES;
				IPHONEOS_DEPLOYMENT_TARGET = 17.4;
				LOCALIZATION_PREFERS_STRING_CATALOGS = YES;
				MTL_ENABLE_DEBUG_INFO = INCLUDE_SOURCE;
				MTL_FAST_MATH = YES;
				ONLY_ACTIVE_ARCH = YES;
				SDKROOT = iphoneos;
				SWIFT_ACTIVE_COMPILATION_CONDITIONS = "DEBUG $(inherited)";
				SWIFT_OPTIMIZATION_LEVEL = "-Onone";
			};
			name = Debug;
		};
		C85D63142BF633070024928E /* Release */ = {
			isa = XCBuildConfiguration;
			buildSettings = {
				ALWAYS_SEARCH_USER_PATHS = NO;
				ASSETCATALOG_COMPILER_GENERATE_SWIFT_ASSET_SYMBOL_EXTENSIONS = YES;
				CLANG_ANALYZER_NONNULL = YES;
				CLANG_ANALYZER_NUMBER_OBJECT_CONVERSION = YES_AGGRESSIVE;
				CLANG_CXX_LANGUAGE_STANDARD = "gnu++20";
				CLANG_ENABLE_MODULES = YES;
				CLANG_ENABLE_OBJC_ARC = YES;
				CLANG_ENABLE_OBJC_WEAK = YES;
				CLANG_WARN_BLOCK_CAPTURE_AUTORELEASING = YES;
				CLANG_WARN_BOOL_CONVERSION = YES;
				CLANG_WARN_COMMA = YES;
				CLANG_WARN_CONSTANT_CONVERSION = YES;
				CLANG_WARN_DEPRECATED_OBJC_IMPLEMENTATIONS = YES;
				CLANG_WARN_DIRECT_OBJC_ISA_USAGE = YES_ERROR;
				CLANG_WARN_DOCUMENTATION_COMMENTS = YES;
				CLANG_WARN_EMPTY_BODY = YES;
				CLANG_WARN_ENUM_CONVERSION = YES;
				CLANG_WARN_INFINITE_RECURSION = YES;
				CLANG_WARN_INT_CONVERSION = YES;
				CLANG_WARN_NON_LITERAL_NULL_CONVERSION = YES;
				CLANG_WARN_OBJC_IMPLICIT_RETAIN_SELF = YES;
				CLANG_WARN_OBJC_LITERAL_CONVERSION = YES;
				CLANG_WARN_OBJC_ROOT_CLASS = YES_ERROR;
				CLANG_WARN_QUOTED_INCLUDE_IN_FRAMEWORK_HEADER = YES;
				CLANG_WARN_RANGE_LOOP_ANALYSIS = YES;
				CLANG_WARN_STRICT_PROTOTYPES = YES;
				CLANG_WARN_SUSPICIOUS_MOVE = YES;
				CLANG_WARN_UNGUARDED_AVAILABILITY = YES_AGGRESSIVE;
				CLANG_WARN_UNREACHABLE_CODE = YES;
				CLANG_WARN__DUPLICATE_METHOD_MATCH = YES;
				COPY_PHASE_STRIP = NO;
				DEBUG_INFORMATION_FORMAT = "dwarf-with-dsym";
				ENABLE_NS_ASSERTIONS = NO;
				ENABLE_STRICT_OBJC_MSGSEND = YES;
				ENABLE_USER_SCRIPT_SANDBOXING = YES;
				GCC_C_LANGUAGE_STANDARD = gnu17;
				GCC_NO_COMMON_BLOCKS = YES;
				GCC_WARN_64_TO_32_BIT_CONVERSION = YES;
				GCC_WARN_ABOUT_RETURN_TYPE = YES_ERROR;
				GCC_WARN_UNDECLARED_SELECTOR = YES;
				GCC_WARN_UNINITIALIZED_AUTOS = YES_AGGRESSIVE;
				GCC_WARN_UNUSED_FUNCTION = YES;
				GCC_WARN_UNUSED_VARIABLE = YES;
				IPHONEOS_DEPLOYMENT_TARGET = 17.4;
				LOCALIZATION_PREFERS_STRING_CATALOGS = YES;
				MTL_ENABLE_DEBUG_INFO = NO;
				MTL_FAST_MATH = YES;
				SDKROOT = iphoneos;
				SWIFT_COMPILATION_MODE = wholemodule;
				VALIDATE_PRODUCT = YES;
			};
			name = Release;
		};
		C85D63162BF633070024928E /* Debug */ = {
			isa = XCBuildConfiguration;
			buildSettings = {
				ASSETCATALOG_COMPILER_APPICON_NAME = AppIcon;
				ASSETCATALOG_COMPILER_GLOBAL_ACCENT_COLOR_NAME = AccentColor;
				CODE_SIGN_STYLE = Automatic;
				CURRENT_PROJECT_VERSION = 1;
				DEVELOPMENT_ASSET_PATHS = "\"Landmarks/Preview Content\"";
				ENABLE_PREVIEWS = YES;
				GENERATE_INFOPLIST_FILE = YES;
				INFOPLIST_KEY_UIApplicationSceneManifest_Generation = YES;
				INFOPLIST_KEY_UIApplicationSupportsIndirectInputEvents = YES;
				INFOPLIST_KEY_UILaunchScreen_Generation = YES;
				INFOPLIST_KEY_UISupportedInterfaceOrientations_iPad = "UIInterfaceOrientationPortrait UIInterfaceOrientationPortraitUpsideDown UIInterfaceOrientationLandscapeLeft UIInterfaceOrientationLandscapeRight";
				INFOPLIST_KEY_UISupportedInterfaceOrientations_iPhone = "UIInterfaceOrientationPortrait UIInterfaceOrientationLandscapeLeft UIInterfaceOrientationLandscapeRight";
				LD_RUNPATH_SEARCH_PATHS = (
					"$(inherited)",
					"@executable_path/Frameworks",
				);
				MARKETING_VERSION = 1.0;
				PRODUCT_BUNDLE_IDENTIFIER = ca.shiftfocus.Landmarks;
				PRODUCT_NAME = "$(TARGET_NAME)";
				SWIFT_EMIT_LOC_STRINGS = YES;
				SWIFT_VERSION = 5.0;
				TARGETED_DEVICE_FAMILY = "1,2";
			};
			name = Debug;
		};
		C85D63172BF633070024928E /* Release */ = {
			isa = XCBuildConfiguration;
			buildSettings = {
				ASSETCATALOG_COMPILER_APPICON_NAME = AppIcon;
				ASSETCATALOG_COMPILER_GLOBAL_ACCENT_COLOR_NAME = AccentColor;
				CODE_SIGN_STYLE = Automatic;
				CURRENT_PROJECT_VERSION = 1;
				DEVELOPMENT_ASSET_PATHS = "\"Landmarks/Preview Content\"";
				ENABLE_PREVIEWS = YES;
				GENERATE_INFOPLIST_FILE = YES;
				INFOPLIST_KEY_UIApplicationSceneManifest_Generation = YES;
				INFOPLIST_KEY_UIApplicationSupportsIndirectInputEvents = YES;
				INFOPLIST_KEY_UILaunchScreen_Generation = YES;
				INFOPLIST_KEY_UISupportedInterfaceOrientations_iPad = "UIInterfaceOrientationPortrait UIInterfaceOrientationPortraitUpsideDown UIInterfaceOrientationLandscapeLeft UIInterfaceOrientationLandscapeRight";
				INFOPLIST_KEY_UISupportedInterfaceOrientations_iPhone = "UIInterfaceOrientationPortrait UIInterfaceOrientationLandscapeLeft UIInterfaceOrientationLandscapeRight";
				LD_RUNPATH_SEARCH_PATHS = (
					"$(inherited)",
					"@executable_path/Frameworks",
				);
				MARKETING_VERSION = 1.0;
				PRODUCT_BUNDLE_IDENTIFIER = ca.shiftfocus.Landmarks;
				PRODUCT_NAME = "$(TARGET_NAME)";
				SWIFT_EMIT_LOC_STRINGS = YES;
				SWIFT_VERSION = 5.0;
				TARGETED_DEVICE_FAMILY = "1,2";
			};
			name = Release;
		};
		C85D63192BF633070024928E /* Debug */ = {
			isa = XCBuildConfiguration;
			buildSettings = {
				ALWAYS_EMBED_SWIFT_STANDARD_LIBRARIES = YES;
				BUNDLE_LOADER = "$(TEST_HOST)";
				CODE_SIGN_STYLE = Automatic;
				CURRENT_PROJECT_VERSION = 1;
				GENERATE_INFOPLIST_FILE = YES;
				IPHONEOS_DEPLOYMENT_TARGET = 17.4;
				MARKETING_VERSION = 1.0;
				PRODUCT_BUNDLE_IDENTIFIER = ca.shiftfocus.LandmarksTests;
				PRODUCT_NAME = "$(TARGET_NAME)";
				SWIFT_EMIT_LOC_STRINGS = NO;
				SWIFT_VERSION = 5.0;
				TARGETED_DEVICE_FAMILY = "1,2";
				TEST_HOST = "$(BUILT_PRODUCTS_DIR)/Landmarks.app/$(BUNDLE_EXECUTABLE_FOLDER_PATH)/Landmarks";
			};
			name = Debug;
		};
		C85D631A2BF633070024928E /* Release */ = {
			isa = XCBuildConfiguration;
			buildSettings = {
				ALWAYS_EMBED_SWIFT_STANDARD_LIBRARIES = YES;
				BUNDLE_LOADER = "$(TEST_HOST)";
				CODE_SIGN_STYLE = Automatic;
				CURRENT_PROJECT_VERSION = 1;
				GENERATE_INFOPLIST_FILE = YES;
				IPHONEOS_DEPLOYMENT_TARGET = 17.4;
				MARKETING_VERSION = 1.0;
				PRODUCT_BUNDLE_IDENTIFIER = ca.shiftfocus.LandmarksTests;
				PRODUCT_NAME = "$(TARGET_NAME)";
				SWIFT_EMIT_LOC_STRINGS = NO;
				SWIFT_VERSION = 5.0;
				TARGETED_DEVICE_FAMILY = "1,2";
				TEST_HOST = "$(BUILT_PRODUCTS_DIR)/Landmarks.app/$(BUNDLE_EXECUTABLE_FOLDER_PATH)/Landmarks";
			};
			name = Release;
		};
		C85D631C2BF633070024928E /* Debug */ = {
			isa = XCBuildConfiguration;
			buildSettings = {
				ALWAYS_EMBED_SWIFT_STANDARD_LIBRARIES = YES;
				CODE_SIGN_STYLE = Automatic;
				CURRENT_PROJECT_VERSION = 1;
				GENERATE_INFOPLIST_FILE = YES;
				MARKETING_VERSION = 1.0;
				PRODUCT_BUNDLE_IDENTIFIER = ca.shiftfocus.LandmarksUITests;
				PRODUCT_NAME = "$(TARGET_NAME)";
				SWIFT_EMIT_LOC_STRINGS = NO;
				SWIFT_VERSION = 5.0;
				TARGETED_DEVICE_FAMILY = "1,2";
				TEST_TARGET_NAME = Landmarks;
			};
			name = Debug;
		};
		C85D631D2BF633070024928E /* Release */ = {
			isa = XCBuildConfiguration;
			buildSettings = {
				ALWAYS_EMBED_SWIFT_STANDARD_LIBRARIES = YES;
				CODE_SIGN_STYLE = Automatic;
				CURRENT_PROJECT_VERSION = 1;
				GENERATE_INFOPLIST_FILE = YES;
				MARKETING_VERSION = 1.0;
				PRODUCT_BUNDLE_IDENTIFIER = ca.shiftfocus.LandmarksUITests;
				PRODUCT_NAME = "$(TARGET_NAME)";
				SWIFT_EMIT_LOC_STRINGS = NO;
				SWIFT_VERSION = 5.0;
				TARGETED_DEVICE_FAMILY = "1,2";
				TEST_TARGET_NAME = Landmarks;
			};
			name = Release;
		};
/* End XCBuildConfiguration section */

/* Begin XCConfigurationList section */
		C85D62EC2BF633050024928E /* Build configuration list for PBXProject "Landmarks" */ = {
			isa = XCConfigurationList;
			buildConfigurations = (
				C85D63132BF633070024928E /* Debug */,
				C85D63142BF633070024928E /* Release */,
			);
			defaultConfigurationIsVisible = 0;
			defaultConfigurationName = Release;
		};
		C85D63152BF633070024928E /* Build configuration list for PBXNativeTarget "Landmarks" */ = {
			isa = XCConfigurationList;
			buildConfigurations = (
				C85D63162BF633070024928E /* Debug */,
				C85D63172BF633070024928E /* Release */,
			);
			defaultConfigurationIsVisible = 0;
			defaultConfigurationName = Release;
		};
		C85D63182BF633070024928E /* Build configuration list for PBXNativeTarget "LandmarksTests" */ = {
			isa = XCConfigurationList;
			buildConfigurations = (
				C85D63192BF633070024928E /* Debug */,
				C85D631A2BF633070024928E /* Release */,
			);
			defaultConfigurationIsVisible = 0;
			defaultConfigurationName = Release;
		};
		C85D631B2BF633070024928E /* Build configuration list for PBXNativeTarget "LandmarksUITests" */ = {
			isa = XCConfigurationList;
			buildConfigurations = (
				C85D631C2BF633070024928E /* Debug */,
				C85D631D2BF633070024928E /* Release */,
			);
			defaultConfigurationIsVisible = 0;
			defaultConfigurationName = Release;
		};
/* End XCConfigurationList section */
	};
	rootObject = C85D62E92BF633050024928E /* Project object */;
}
